
Microsoft Visual Studio Solution File, Format Version 12.00
# Visual Studio Version 17
VisualStudioVersion = 17.11.35327.3
MinimumVisualStudioVersion = 10.0.40219.1
Project("{2150E333-8FDC-42A3-9474-1A3956D46DE8}") = "Core", "Core", "{65C43EA0-A689-4CF6-9CBE-36D9C8850E0E}"
EndProject
Project("{2150E333-8FDC-42A3-9474-1A3956D46DE8}") = "Infrastructure", "Infrastructure", "{22333F2C-1B7C-4C8D-A5EC-01088B23B769}"
EndProject
Project("{2150E333-8FDC-42A3-9474-1A3956D46DE8}") = "Presentation", "Presentation", "{FF4001F9-5432-410B-A4B7-8AD259E4BB5F}"
EndProject
Project("{FAE04EC0-301F-11D3-BF4B-00C04F79EFBC}") = "Workvivo.Application", "Workvivo.Application\Workvivo.Application.csproj", "{17119165-063B-4B0E-B50A-349685C8CAC1}"
EndProject
Project("{FAE04EC0-301F-11D3-BF4B-00C04F79EFBC}") = "Workvivo.Domain", "Workvivo.Domain\Workvivo.Domain.csproj", "{7F1CCC92-698C-4DCC-B52F-8AD92AD6D8D7}"
EndProject
Project("{FAE04EC0-301F-11D3-BF4B-00C04F79EFBC}") = "Workvivo.Resources", "Workvivo.Resources\Workvivo.Resources.csproj", "{636E656F-94A0-4ED5-8EC6-83F58FB301B3}"
EndProject
Project("{FAE04EC0-301F-11D3-BF4B-00C04F79EFBC}") = "Workvivo.Infrastructure", "Workvivo.Infrastructure\Workvivo.Infrastructure.csproj", "{5D146E94-77A2-4B59-8689-17F9DA5FFFEA}"
EndProject
Project("{FAE04EC0-301F-11D3-BF4B-00C04F79EFBC}") = "Workvivo.API", "Workvivo.API\Workvivo.API.csproj", "{97F9F989-53DB-4674-978B-6299837668CD}"
EndProject
Project("{2150E333-8FDC-42A3-9474-1A3956D46DE8}") = "Tests", "Tests", "{0AB3BF05-4346-4AA6-1389-037BE0695223}"
EndProject
Project("{FAE04EC0-301F-11D3-BF4B-00C04F79EFBC}") = "Workvivo.Domain.Tests", "tests\Workvivo.Domain.Tests\Workvivo.Domain.Tests.csproj", "{14AEB542-26A7-4238-A8F3-CA3F236EF51D}"
EndProject
Project("{FAE04EC0-301F-11D3-BF4B-00C04F79EFBC}") = "Workvivo.Application.Tests", "tests\Workvivo.Application.Tests\Workvivo.Application.Tests.csproj", "{0BDA1EC4-52F8-4DE1-9578-FCBD916CBD64}"
EndProject
Project("{FAE04EC0-301F-11D3-BF4B-00C04F79EFBC}") = "Workvivo.API.Tests", "tests\Workvivo.API.Tests\Workvivo.API.Tests.csproj", "{478DE6D6-65B8-43EF-920D-B1EEA87E219C}"
EndProject
Project("{FAE04EC0-301F-11D3-BF4B-00C04F79EFBC}") = "Workvivo.IntegrationTests", "tests\Workvivo.IntegrationTests\Workvivo.IntegrationTests.csproj", "{308989A5-FDB8-46F7-A4A0-57D843A1A723}"
EndProject
Global
	GlobalSection(SolutionConfigurationPlatforms) = preSolution
		Debug|Any CPU = Debug|Any CPU
		Debug|x64 = Debug|x64
		Debug|x86 = Debug|x86
		Release|Any CPU = Release|Any CPU
		Release|x64 = Release|x64
		Release|x86 = Release|x86
	EndGlobalSection
	GlobalSection(ProjectConfigurationPlatforms) = postSolution
		{17119165-063B-4B0E-B50A-349685C8CAC1}.Debug|Any CPU.ActiveCfg = Debug|Any CPU
		{17119165-063B-4B0E-B50A-349685C8CAC1}.Debug|Any CPU.Build.0 = Debug|Any CPU
		{17119165-063B-4B0E-B50A-349685C8CAC1}.Debug|x64.ActiveCfg = Debug|Any CPU
		{17119165-063B-4B0E-B50A-349685C8CAC1}.Debug|x64.Build.0 = Debug|Any CPU
		{17119165-063B-4B0E-B50A-349685C8CAC1}.Debug|x86.ActiveCfg = Debug|Any CPU
		{17119165-063B-4B0E-B50A-349685C8CAC1}.Debug|x86.Build.0 = Debug|Any CPU
		{17119165-063B-4B0E-B50A-349685C8CAC1}.Release|Any CPU.ActiveCfg = Release|Any CPU
		{17119165-063B-4B0E-B50A-349685C8CAC1}.Release|Any CPU.Build.0 = Release|Any CPU
		{17119165-063B-4B0E-B50A-349685C8CAC1}.Release|x64.ActiveCfg = Release|Any CPU
		{17119165-063B-4B0E-B50A-349685C8CAC1}.Release|x64.Build.0 = Release|Any CPU
		{17119165-063B-4B0E-B50A-349685C8CAC1}.Release|x86.ActiveCfg = Release|Any CPU
		{17119165-063B-4B0E-B50A-349685C8CAC1}.Release|x86.Build.0 = Release|Any CPU
		{7F1CCC92-698C-4DCC-B52F-8AD92AD6D8D7}.Debug|Any CPU.ActiveCfg = Debug|Any CPU
		{7F1CCC92-698C-4DCC-B52F-8AD92AD6D8D7}.Debug|Any CPU.Build.0 = Debug|Any CPU
		{7F1CCC92-698C-4DCC-B52F-8AD92AD6D8D7}.Debug|x64.ActiveCfg = Debug|Any CPU
		{7F1CCC92-698C-4DCC-B52F-8AD92AD6D8D7}.Debug|x64.Build.0 = Debug|Any CPU
		{7F1CCC92-698C-4DCC-B52F-8AD92AD6D8D7}.Debug|x86.ActiveCfg = Debug|Any CPU
		{7F1CCC92-698C-4DCC-B52F-8AD92AD6D8D7}.Debug|x86.Build.0 = Debug|Any CPU
		{7F1CCC92-698C-4DCC-B52F-8AD92AD6D8D7}.Release|Any CPU.ActiveCfg = Release|Any CPU
		{7F1CCC92-698C-4DCC-B52F-8AD92AD6D8D7}.Release|Any CPU.Build.0 = Release|Any CPU
		{7F1CCC92-698C-4DCC-B52F-8AD92AD6D8D7}.Release|x64.ActiveCfg = Release|Any CPU
		{7F1CCC92-698C-4DCC-B52F-8AD92AD6D8D7}.Release|x64.Build.0 = Release|Any CPU
		{7F1CCC92-698C-4DCC-B52F-8AD92AD6D8D7}.Release|x86.ActiveCfg = Release|Any CPU
		{7F1CCC92-698C-4DCC-B52F-8AD92AD6D8D7}.Release|x86.Build.0 = Release|Any CPU
		{636E656F-94A0-4ED5-8EC6-83F58FB301B3}.Debug|Any CPU.ActiveCfg = Debug|Any CPU
		{636E656F-94A0-4ED5-8EC6-83F58FB301B3}.Debug|Any CPU.Build.0 = Debug|Any CPU
		{636E656F-94A0-4ED5-8EC6-83F58FB301B3}.Debug|x64.ActiveCfg = Debug|Any CPU
		{636E656F-94A0-4ED5-8EC6-83F58FB301B3}.Debug|x64.Build.0 = Debug|Any CPU
		{636E656F-94A0-4ED5-8EC6-83F58FB301B3}.Debug|x86.ActiveCfg = Debug|Any CPU
		{636E656F-94A0-4ED5-8EC6-83F58FB301B3}.Debug|x86.Build.0 = Debug|Any CPU
		{636E656F-94A0-4ED5-8EC6-83F58FB301B3}.Release|Any CPU.ActiveCfg = Release|Any CPU
		{636E656F-94A0-4ED5-8EC6-83F58FB301B3}.Release|Any CPU.Build.0 = Release|Any CPU
		{636E656F-94A0-4ED5-8EC6-83F58FB301B3}.Release|x64.ActiveCfg = Release|Any CPU
		{636E656F-94A0-4ED5-8EC6-83F58FB301B3}.Release|x64.Build.0 = Release|Any CPU
		{636E656F-94A0-4ED5-8EC6-83F58FB301B3}.Release|x86.ActiveCfg = Release|Any CPU
		{636E656F-94A0-4ED5-8EC6-83F58FB301B3}.Release|x86.Build.0 = Release|Any CPU
		{5D146E94-77A2-4B59-8689-17F9DA5FFFEA}.Debug|Any CPU.ActiveCfg = Debug|Any CPU
		{5D146E94-77A2-4B59-8689-17F9DA5FFFEA}.Debug|Any CPU.Build.0 = Debug|Any CPU
		{5D146E94-77A2-4B59-8689-17F9DA5FFFEA}.Debug|x64.ActiveCfg = Debug|Any CPU
		{5D146E94-77A2-4B59-8689-17F9DA5FFFEA}.Debug|x64.Build.0 = Debug|Any CPU
		{5D146E94-77A2-4B59-8689-17F9DA5FFFEA}.Debug|x86.ActiveCfg = Debug|Any CPU
		{5D146E94-77A2-4B59-8689-17F9DA5FFFEA}.Debug|x86.Build.0 = Debug|Any CPU
		{5D146E94-77A2-4B59-8689-17F9DA5FFFEA}.Release|Any CPU.ActiveCfg = Release|Any CPU
		{5D146E94-77A2-4B59-8689-17F9DA5FFFEA}.Release|Any CPU.Build.0 = Release|Any CPU
		{5D146E94-77A2-4B59-8689-17F9DA5FFFEA}.Release|x64.ActiveCfg = Release|Any CPU
		{5D146E94-77A2-4B59-8689-17F9DA5FFFEA}.Release|x64.Build.0 = Release|Any CPU
		{5D146E94-77A2-4B59-8689-17F9DA5FFFEA}.Release|x86.ActiveCfg = Release|Any CPU
		{5D146E94-77A2-4B59-8689-17F9DA5FFFEA}.Release|x86.Build.0 = Release|Any CPU
		{97F9F989-53DB-4674-978B-6299837668CD}.Debug|Any CPU.ActiveCfg = Debug|Any CPU
		{97F9F989-53DB-4674-978B-6299837668CD}.Debug|Any CPU.Build.0 = Debug|Any CPU
		{97F9F989-53DB-4674-978B-6299837668CD}.Debug|x64.ActiveCfg = Debug|Any CPU
		{97F9F989-53DB-4674-978B-6299837668CD}.Debug|x64.Build.0 = Debug|Any CPU
		{97F9F989-53DB-4674-978B-6299837668CD}.Debug|x86.ActiveCfg = Debug|Any CPU
		{97F9F989-53DB-4674-978B-6299837668CD}.Debug|x86.Build.0 = Debug|Any CPU
		{97F9F989-53DB-4674-978B-6299837668CD}.Release|Any CPU.ActiveCfg = Release|Any CPU
		{97F9F989-53DB-4674-978B-6299837668CD}.Release|Any CPU.Build.0 = Release|Any CPU
		{97F9F989-53DB-4674-978B-6299837668CD}.Release|x64.ActiveCfg = Release|Any CPU
		{97F9F989-53DB-4674-978B-6299837668CD}.Release|x64.Build.0 = Release|Any CPU
		{97F9F989-53DB-4674-978B-6299837668CD}.Release|x86.ActiveCfg = Release|Any CPU
		{97F9F989-53DB-4674-978B-6299837668CD}.Release|x86.Build.0 = Release|Any CPU
		{14AEB542-26A7-4238-A8F3-CA3F236EF51D}.Debug|Any CPU.ActiveCfg = Debug|Any CPU
		{14AEB542-26A7-4238-A8F3-CA3F236EF51D}.Debug|Any CPU.Build.0 = Debug|Any CPU
		{14AEB542-26A7-4238-A8F3-CA3F236EF51D}.Debug|x64.ActiveCfg = Debug|Any CPU
		{14AEB542-26A7-4238-A8F3-CA3F236EF51D}.Debug|x64.Build.0 = Debug|Any CPU
		{14AEB542-26A7-4238-A8F3-CA3F236EF51D}.Debug|x86.ActiveCfg = Debug|Any CPU
		{14AEB542-26A7-4238-A8F3-CA3F236EF51D}.Debug|x86.Build.0 = Debug|Any CPU
		{14AEB542-26A7-4238-A8F3-CA3F236EF51D}.Release|Any CPU.ActiveCfg = Release|Any CPU
		{14AEB542-26A7-4238-A8F3-CA3F236EF51D}.Release|Any CPU.Build.0 = Release|Any CPU
		{14AEB542-26A7-4238-A8F3-CA3F236EF51D}.Release|x64.ActiveCfg = Release|Any CPU
		{14AEB542-26A7-4238-A8F3-CA3F236EF51D}.Release|x64.Build.0 = Release|Any CPU
		{14AEB542-26A7-4238-A8F3-CA3F236EF51D}.Release|x86.ActiveCfg = Release|Any CPU
		{14AEB542-26A7-4238-A8F3-CA3F236EF51D}.Release|x86.Build.0 = Release|Any CPU
		{0BDA1EC4-52F8-4DE1-9578-FCBD916CBD64}.Debug|Any CPU.ActiveCfg = Debug|Any CPU
		{0BDA1EC4-52F8-4DE1-9578-FCBD916CBD64}.Debug|Any CPU.Build.0 = Debug|Any CPU
		{0BDA1EC4-52F8-4DE1-9578-FCBD916CBD64}.Debug|x64.ActiveCfg = Debug|Any CPU
		{0BDA1EC4-52F8-4DE1-9578-FCBD916CBD64}.Debug|x64.Build.0 = Debug|Any CPU
		{0BDA1EC4-52F8-4DE1-9578-FCBD916CBD64}.Debug|x86.ActiveCfg = Debug|Any CPU
		{0BDA1EC4-52F8-4DE1-9578-FCBD916CBD64}.Debug|x86.Build.0 = Debug|Any CPU
		{0BDA1EC4-52F8-4DE1-9578-FCBD916CBD64}.Release|Any CPU.ActiveCfg = Release|Any CPU
		{0BDA1EC4-52F8-4DE1-9578-FCBD916CBD64}.Release|Any CPU.Build.0 = Release|Any CPU
		{0BDA1EC4-52F8-4DE1-9578-FCBD916CBD64}.Release|x64.ActiveCfg = Release|Any CPU
		{0BDA1EC4-52F8-4DE1-9578-FCBD916CBD64}.Release|x64.Build.0 = Release|Any CPU
		{0BDA1EC4-52F8-4DE1-9578-FCBD916CBD64}.Release|x86.ActiveCfg = Release|Any CPU
		{0BDA1EC4-52F8-4DE1-9578-FCBD916CBD64}.Release|x86.Build.0 = Release|Any CPU
		{478DE6D6-65B8-43EF-920D-B1EEA87E219C}.Debug|Any CPU.ActiveCfg = Debug|Any CPU
		{478DE6D6-65B8-43EF-920D-B1EEA87E219C}.Debug|Any CPU.Build.0 = Debug|Any CPU
		{478DE6D6-65B8-43EF-920D-B1EEA87E219C}.Debug|x64.ActiveCfg = Debug|Any CPU
		{478DE6D6-65B8-43EF-920D-B1EEA87E219C}.Debug|x64.Build.0 = Debug|Any CPU
		{478DE6D6-65B8-43EF-920D-B1EEA87E219C}.Debug|x86.ActiveCfg = Debug|Any CPU
		{478DE6D6-65B8-43EF-920D-B1EEA87E219C}.Debug|x86.Build.0 = Debug|Any CPU
		{478DE6D6-65B8-43EF-920D-B1EEA87E219C}.Release|Any CPU.ActiveCfg = Release|Any CPU
		{478DE6D6-65B8-43EF-920D-B1EEA87E219C}.Release|Any CPU.Build.0 = Release|Any CPU
		{478DE6D6-65B8-43EF-920D-B1EEA87E219C}.Release|x64.ActiveCfg = Release|Any CPU
		{478DE6D6-65B8-43EF-920D-B1EEA87E219C}.Release|x64.Build.0 = Release|Any CPU
		{478DE6D6-65B8-43EF-920D-B1EEA87E219C}.Release|x86.ActiveCfg = Release|Any CPU
		{478DE6D6-65B8-43EF-920D-B1EEA87E219C}.Release|x86.Build.0 = Release|Any CPU
		{308989A5-FDB8-46F7-A4A0-57D843A1A723}.Debug|Any CPU.ActiveCfg = Debug|Any CPU
		{308989A5-FDB8-46F7-A4A0-57D843A1A723}.Debug|Any CPU.Build.0 = Debug|Any CPU
		{308989A5-FDB8-46F7-A4A0-57D843A1A723}.Debug|x64.ActiveCfg = Debug|Any CPU
		{308989A5-FDB8-46F7-A4A0-57D843A1A723}.Debug|x64.Build.0 = Debug|Any CPU
		{308989A5-FDB8-46F7-A4A0-57D843A1A723}.Debug|x86.ActiveCfg = Debug|Any CPU
		{308989A5-FDB8-46F7-A4A0-57D843A1A723}.Debug|x86.Build.0 = Debug|Any CPU
		{308989A5-FDB8-46F7-A4A0-57D843A1A723}.Release|Any CPU.ActiveCfg = Release|Any CPU
		{308989A5-FDB8-46F7-A4A0-57D843A1A723}.Release|Any CPU.Build.0 = Release|Any CPU
		{308989A5-FDB8-46F7-A4A0-57D843A1A723}.Release|x64.ActiveCfg = Release|Any CPU
		{308989A5-FDB8-46F7-A4A0-57D843A1A723}.Release|x64.Build.0 = Release|Any CPU
		{308989A5-FDB8-46F7-A4A0-57D843A1A723}.Release|x86.ActiveCfg = Release|Any CPU
		{308989A5-FDB8-46F7-A4A0-57D843A1A723}.Release|x86.Build.0 = Release|Any CPU
	EndGlobalSection
	GlobalSection(SolutionProperties) = preSolution
		HideSolutionNode = FALSE
	EndGlobalSection
	GlobalSection(NestedProjects) = preSolution
		{17119165-063B-4B0E-B50A-349685C8CAC1} = {65C43EA0-A689-4CF6-9CBE-36D9C8850E0E}
		{7F1CCC92-698C-4DCC-B52F-8AD92AD6D8D7} = {65C43EA0-A689-4CF6-9CBE-36D9C8850E0E}
		{636E656F-94A0-4ED5-8EC6-83F58FB301B3} = {65C43EA0-A689-4CF6-9CBE-36D9C8850E0E}
		{5D146E94-77A2-4B59-8689-17F9DA5FFFEA} = {22333F2C-1B7C-4C8D-A5EC-01088B23B769}
		{97F9F989-53DB-4674-978B-6299837668CD} = {FF4001F9-5432-410B-A4B7-8AD259E4BB5F}
		{14AEB542-26A7-4238-A8F3-CA3F236EF51D} = {0AB3BF05-4346-4AA6-1389-037BE0695223}
		{0BDA1EC4-52F8-4DE1-9578-FCBD916CBD64} = {0AB3BF05-4346-4AA6-1389-037BE0695223}
		{478DE6D6-65B8-43EF-920D-B1EEA87E219C} = {0AB3BF05-4346-4AA6-1389-037BE0695223}
		{308989A5-FDB8-46F7-A4A0-57D843A1A723} = {0AB3BF05-4346-4AA6-1389-037BE0695223}
	EndGlobalSection
	GlobalSection(ExtensibilityGlobals) = postSolution
		SolutionGuid = {7ABCE612-4B54-436F-8786-0ECBCE91DD47}
	EndGlobalSection
EndGlobal
